
Microsoft Visual Studio Solution File, Format Version 12.00
# Visual Studio Version 17
VisualStudioVersion = 17.14.36616.10
MinimumVisualStudioVersion = 10.0.40219.1
Project("{FAE04EC0-301F-11D3-BF4B-00C04F79EFBC}") = "ConsoleTestApp", "ConsoleTestApp.csproj", "{61789575-CC0F-47DD-90C9-4D2B48B36518}"
EndProject
Project("{FAE04EC0-301F-11D3-BF4B-00C04F79EFBC}") = "NativeLib", "..\NativeRepo\NativeLib\NativeLib.csproj", "{43143658-7356-326E-244F-43CBAD01C21A}"
EndProject
Global
	GlobalSection(SolutionConfigurationPlatforms) = preSolution
		Debug|Any CPU = Debug|Any CPU
		Release|Any CPU = Release|Any CPU
	EndGlobalSection
	GlobalSection(ProjectConfigurationPlatforms) = postSolution
		{61789575-CC0F-47DD-90C9-4D2B48B36518}.Debug|Any CPU.ActiveCfg = Debug|Any CPU
		{61789575-CC0F-47DD-90C9-4D2B48B36518}.Debug|Any CPU.Build.0 = Debug|Any CPU
		{61789575-CC0F-47DD-90C9-4D2B48B36518}.Release|Any CPU.ActiveCfg = Release|Any CPU
		{61789575-CC0F-47DD-90C9-4D2B48B36518}.Release|Any CPU.Build.0 = Release|Any CPU
		{43143658-7356-326E-244F-43CBAD01C21A}.Debug|Any CPU.ActiveCfg = Debug|Any CPU
		{43143658-7356-326E-244F-43CBAD01C21A}.Debug|Any CPU.Build.0 = Debug|Any CPU
		{43143658-7356-326E-244F-43CBAD01C21A}.Release|Any CPU.ActiveCfg = Release|Any CPU
		{43143658-7356-326E-244F-43CBAD01C21A}.Release|Any CPU.Build.0 = Release|Any CPU
	EndGlobalSection
	GlobalSection(SolutionProperties) = preSolution
		HideSolutionNode = FALSE
	EndGlobalSection
	GlobalSection(ExtensibilityGlobals) = postSolution
		SolutionGuid = {228DD577-C6EE-43C8-B296-47E9D3B1020D}
	EndGlobalSection
EndGlobal
